
Microsoft Visual Studio Solution File, Format Version 12.00
# Visual Studio Version 16
VisualStudioVersion = 25.0.1704.3
MinimumVisualStudioVersion = 10.0.40219.1
Project("{FAE04EC0-301F-11D3-BF4B-00C04F79EFBC}") = "Allup-temp", "Allup-temp\Allup-temp.csproj", "{8671F7A0-26C7-473E-9F31-C8B85828C60C}"
EndProject
Global
	GlobalSection(SolutionConfigurationPlatforms) = preSolution
		Debug|Any CPU = Debug|Any CPU
		Release|Any CPU = Release|Any CPU
	EndGlobalSection
	GlobalSection(ProjectConfigurationPlatforms) = postSolution
		{8671F7A0-26C7-473E-9F31-C8B85828C60C}.Debug|Any CPU.ActiveCfg = Debug|Any CPU
		{8671F7A0-26C7-473E-9F31-C8B85828C60C}.Debug|Any CPU.Build.0 = Debug|Any CPU
		{8671F7A0-26C7-473E-9F31-C8B85828C60C}.Release|Any CPU.ActiveCfg = Release|Any CPU
		{8671F7A0-26C7-473E-9F31-C8B85828C60C}.Release|Any CPU.Build.0 = Release|Any CPU
	EndGlobalSection
	GlobalSection(SolutionProperties) = preSolution
		HideSolutionNode = FALSE
	EndGlobalSection
	GlobalSection(ExtensibilityGlobals) = postSolution
		SolutionGuid = {4FE40C51-74C0-4BF8-8859-C29B1D1A3F84}
	EndGlobalSection
EndGlobal
